
Microsoft Visual Studio Solution File, Format Version 12.00
# Visual Studio Version 17
VisualStudioVersion = 17.7.34221.43
MinimumVisualStudioVersion = 10.0.40219.1
Project("{8BC9CEB8-8B4A-11D0-8D11-00A0C91BC942}") = "Win32API.Desktop", "Win32API.Desktop\Win32API.Desktop.vcxproj", "{6FB6B5BA-A145-4DC3-81DF-614F4EAD2E0B}"
EndProject
Project("{8BC9CEB8-8B4A-11D0-8D11-00A0C91BC942}") = "Win32API.Module1.Desktop", "Win32API.Module1.Desktop\Win32API.Module1.Desktop.vcxproj", "{D2D514E2-882C-45FE-8B47-3BCFE9EF2710}"
EndProject
Global
	GlobalSection(SolutionConfigurationPlatforms) = preSolution
		Debug|x64 = Debug|x64
		Debug|x86 = Debug|x86
		Release|x64 = Release|x64
		Release|x86 = Release|x86
	EndGlobalSection
	GlobalSection(ProjectConfigurationPlatforms) = postSolution
		{6FB6B5BA-A145-4DC3-81DF-614F4EAD2E0B}.Debug|x64.ActiveCfg = Debug|x64
		{6FB6B5BA-A145-4DC3-81DF-614F4EAD2E0B}.Debug|x64.Build.0 = Debug|x64
		{6FB6B5BA-A145-4DC3-81DF-614F4EAD2E0B}.Debug|x86.ActiveCfg = Debug|Win32
		{6FB6B5BA-A145-4DC3-81DF-614F4EAD2E0B}.Debug|x86.Build.0 = Debug|Win32
		{6FB6B5BA-A145-4DC3-81DF-614F4EAD2E0B}.Release|x64.ActiveCfg = Release|x64
		{6FB6B5BA-A145-4DC3-81DF-614F4EAD2E0B}.Release|x64.Build.0 = Release|x64
		{6FB6B5BA-A145-4DC3-81DF-614F4EAD2E0B}.Release|x86.ActiveCfg = Release|Win32
		{6FB6B5BA-A145-4DC3-81DF-614F4EAD2E0B}.Release|x86.Build.0 = Release|Win32
		{D2D514E2-882C-45FE-8B47-3BCFE9EF2710}.Debug|x64.ActiveCfg = Debug|x64
		{D2D514E2-882C-45FE-8B47-3BCFE9EF2710}.Debug|x64.Build.0 = Debug|x64
		{D2D514E2-882C-45FE-8B47-3BCFE9EF2710}.Debug|x86.ActiveCfg = Debug|Win32
		{D2D514E2-882C-45FE-8B47-3BCFE9EF2710}.Debug|x86.Build.0 = Debug|Win32
		{D2D514E2-882C-45FE-8B47-3BCFE9EF2710}.Release|x64.ActiveCfg = Release|x64
		{D2D514E2-882C-45FE-8B47-3BCFE9EF2710}.Release|x64.Build.0 = Release|x64
		{D2D514E2-882C-45FE-8B47-3BCFE9EF2710}.Release|x86.ActiveCfg = Release|Win32
		{D2D514E2-882C-45FE-8B47-3BCFE9EF2710}.Release|x86.Build.0 = Release|Win32
	EndGlobalSection
	GlobalSection(SolutionProperties) = preSolution
		HideSolutionNode = FALSE
	EndGlobalSection
	GlobalSection(ExtensibilityGlobals) = postSolution
		SolutionGuid = {8A24F353-6F60-4895-90EE-8F5C3E253352}
	EndGlobalSection
EndGlobal
